// !$*UTF8*$!
{
	archiveVersion = 1;
	classes = {
	};
	objectVersion = 77;
	objects = {

/* Begin PBXBuildFile section */
		2CE545152FD9944100FDB736 /* WidgetKit.framework in Frameworks */ = {isa = PBXBuildFile; fileRef = 2CE545142FD9944100FDB736 /* WidgetKit.framework */; };
		2CE545172FD9944100FDB736 /* SwiftUI.framework in Frameworks */ = {isa = PBXBuildFile; fileRef = 2CE545162FD9944100FDB736 /* SwiftUI.framework */; };
		2CE545262FD9944200FDB736 /* WidgetExtension.appex in Embed Foundation Extensions */ = {isa = PBXBuildFile; fileRef = 2CE545122FD9944100FDB736 /* WidgetExtension.appex */; settings = {ATTRIBUTES = (RemoveHeadersOnCopy, ); }; };
/* End PBXBuildFile section */

/* Begin PBXContainerItemProxy section */
		2CB37C822FD8CDC9006722B0 /* PBXContainerItemProxy */ = {
			isa = PBXContainerItemProxy;
			containerPortal = 2CB37C682FD8CDC7006722B0 /* Project object */;
			proxyType = 1;
			remoteGlobalIDString = 2CB37C6F2FD8CDC7006722B0;
			remoteInfo = CalenTask;
		};
		2CB37C8C2FD8CDC9006722B0 /* PBXContainerItemProxy */ = {
			isa = PBXContainerItemProxy;
			containerPortal = 2CB37C682FD8CDC7006722B0 /* Project object */;
			proxyType = 1;
			remoteGlobalIDString = 2CB37C6F2FD8CDC7006722B0;
			remoteInfo = CalenTask;
		};
		2CE545242FD9944200FDB736 /* PBXContainerItemProxy */ = {
			isa = PBXContainerItemProxy;
			containerPortal = 2CB37C682FD8CDC7006722B0 /* Project object */;
			proxyType = 1;
			remoteGlobalIDString = 2CE545112FD9944100FDB736;
			remoteInfo = WidgetExtension;
		};
/* End PBXContainerItemProxy section */

/* Begin PBXCopyFilesBuildPhase section */
		2CE545272FD9944200FDB736 /* Embed Foundation Extensions */ = {
			isa = PBXCopyFilesBuildPhase;
			buildActionMask = 2147483647;
			dstPath = "";
			dstSubfolderSpec = 13;
			files = (
				2CE545262FD9944200FDB736 /* WidgetExtension.appex in Embed Foundation Extensions */,
			);
			name = "Embed Foundation Extensions";
			runOnlyForDeploymentPostprocessing = 0;
		};
/* End PBXCopyFilesBuildPhase section */

/* Begin PBXFileReference section */
		2CB37C702FD8CDC7006722B0 /* CalenTask.app */ = {isa = PBXFileReference; explicitFileType = wrapper.application; includeInIndex = 0; path = CalenTask.app; sourceTree = BUILT_PRODUCTS_DIR; };
		2CB37C812FD8CDC9006722B0 /* CalenTaskTests.xctest */ = {isa = PBXFileReference; explicitFileType = wrapper.cfbundle; includeInIndex = 0; path = CalenTaskTests.xctest; sourceTree = BUILT_PRODUCTS_DIR; };
		2CB37C8B2FD8CDC9006722B0 /* CalenTaskUITests.xctest */ = {isa = PBXFileReference; explicitFileType = wrapper.cfbundle; includeInIndex = 0; path = CalenTaskUITests.xctest; sourceTree = BUILT_PRODUCTS_DIR; };
		2CE545122FD9944100FDB736 /* WidgetExtension.appex */ = {isa = PBXFileReference; explicitFileType = "wrapper.app-extension"; includeInIndex = 0; path = WidgetExtension.appex; sourceTree = BUILT_PRODUCTS_DIR; };
		2CE545142FD9944100FDB736 /* WidgetKit.framework */ = {isa = PBXFileReference; lastKnownFileType = wrapper.framework; name = WidgetKit.framework; path = System/Library/Frameworks/WidgetKit.framework; sourceTree = SDKROOT; };
		2CE545162FD9944100FDB736 /* SwiftUI.framework */ = {isa = PBXFileReference; lastKnownFileType = wrapper.framework; name = SwiftUI.framework; path = System/Library/Frameworks/SwiftUI.framework; sourceTree = SDKROOT; };
/* End PBXFileReference section */

/* Begin PBXFileSystemSynchronizedBuildFileExceptionSet section */
		2CB37C932FD8CDC9006722B0 /* Exceptions for "CalenTask" folder in "CalenTask" target */ = {
			isa = PBXFileSystemSynchronizedBuildFileExceptionSet;
			membershipExceptions = (
				Info.plist,
			);
			target = 2CB37C6F2FD8CDC7006722B0 /* CalenTask */;
		};
		2CE5452B2FD9944200FDB736 /* Exceptions for "Widget" folder in "WidgetExtension" target */ = {
			isa = PBXFileSystemSynchronizedBuildFileExceptionSet;
			membershipExceptions = (
				Info.plist,
			);
			target = 2CE545112FD9944100FDB736 /* WidgetExtension */;
		};
/* End PBXFileSystemSynchronizedBuildFileExceptionSet section */

/* Begin PBXFileSystemSynchronizedRootGroup section */
		2CB37C722FD8CDC7006722B0 /* CalenTask */ = {
			isa = PBXFileSystemSynchronizedRootGroup;
			exceptions = (
				2CB37C932FD8CDC9006722B0 /* Exceptions for "CalenTask" folder in "CalenTask" target */,
			);
			path = CalenTask;
			sourceTree = "<group>";
		};
		2CB37C842FD8CDC9006722B0 /* CalenTaskTests */ = {
			isa = PBXFileSystemSynchronizedRootGroup;
			path = CalenTaskTests;
			sourceTree = "<group>";
		};
		2CB37C8E2FD8CDC9006722B0 /* CalenTaskUITests */ = {
			isa = PBXFileSystemSynchronizedRootGroup;
			path = CalenTaskUITests;
			sourceTree = "<group>";
		};
		2CE545182FD9944100FDB736 /* Widget */ = {
			isa = PBXFileSystemSynchronizedRootGroup;
			exceptions = (
				2CE5452B2FD9944200FDB736 /* Exceptions for "Widget" folder in "WidgetExtension" target */,
			);
			path = Widget;
			sourceTree = "<group>";
		};
/* End PBXFileSystemSynchronizedRootGroup section */

/* Begin PBXFrameworksBuildPhase section */
		2CB37C6D2FD8CDC7006722B0 /* Frameworks */ = {
			isa = PBXFrameworksBuildPhase;
			buildActionMask = 2147483647;
			files = (
			);
			runOnlyForDeploymentPostprocessing = 0;
		};
		2CB37C7E2FD8CDC9006722B0 /* Frameworks */ = {
			isa = PBXFrameworksBuildPhase;
			buildActionMask = 2147483647;
			files = (
			);
			runOnlyForDeploymentPostprocessing = 0;
		};
		2CB37C882FD8CDC9006722B0 /* Frameworks */ = {
			isa = PBXFrameworksBuildPhase;
			buildActionMask = 2147483647;
			files = (
			);
			runOnlyForDeploymentPostprocessing = 0;
		};
		2CE5450F2FD9944100FDB736 /* Frameworks */ = {
			isa = PBXFrameworksBuildPhase;
			buildActionMask = 2147483647;
			files = (
				2CE545172FD9944100FDB736 /* SwiftUI.framework in Frameworks */,
				2CE545152FD9944100FDB736 /* WidgetKit.framework in Frameworks */,
			);
			runOnlyForDeploymentPostprocessing = 0;
		};
/* End PBXFrameworksBuildPhase section */

/* Begin PBXGroup section */
		2CB37C672FD8CDC7006722B0 = {
			isa = PBXGroup;
			children = (
				2CB37C722FD8CDC7006722B0 /* CalenTask */,
				2CB37C842FD8CDC9006722B0 /* CalenTaskTests */,
				2CB37C8E2FD8CDC9006722B0 /* CalenTaskUITests */,
				2CE545182FD9944100FDB736 /* Widget */,
				2CE545132FD9944100FDB736 /* Frameworks */,
				2CB37C712FD8CDC7006722B0 /* Products */,
			);
			sourceTree = "<group>";
		};
		2CB37C712FD8CDC7006722B0 /* Products */ = {
			isa = PBXGroup;
			children = (
				2CB37C702FD8CDC7006722B0 /* CalenTask.app */,
				2CB37C812FD8CDC9006722B0 /* CalenTaskTests.xctest */,
				2CB37C8B2FD8CDC9006722B0 /* CalenTaskUITests.xctest */,
				2CE545122FD9944100FDB736 /* WidgetExtension.appex */,
			);
			name = Products;
			sourceTree = "<group>";
		};
		2CE545132FD9944100FDB736 /* Frameworks */ = {
			isa = PBXGroup;
			children = (
				2CE545142FD9944100FDB736 /* WidgetKit.framework */,
				2CE545162FD9944100FDB736 /* SwiftUI.framework */,
			);
			name = Frameworks;
			sourceTree = "<group>";
		};
/* End PBXGroup section */

/* Begin PBXNativeTarget section */
		2CB37C6F2FD8CDC7006722B0 /* CalenTask */ = {
			isa = PBXNativeTarget;
			buildConfigurationList = 2CB37C942FD8CDC9006722B0 /* Build configuration list for PBXNativeTarget "CalenTask" */;
			buildPhases = (
				2CB37C6C2FD8CDC7006722B0 /* Sources */,
				2CB37C6D2FD8CDC7006722B0 /* Frameworks */,
				2CB37C6E2FD8CDC7006722B0 /* Resources */,
				2CE545272FD9944200FDB736 /* Embed Foundation Extensions */,
			);
			buildRules = (
			);
			dependencies = (
				2CE545252FD9944200FDB736 /* PBXTargetDependency */,
			);
			fileSystemSynchronizedGroups = (
				2CB37C722FD8CDC7006722B0 /* CalenTask */,
			);
			name = CalenTask;
			packageProductDependencies = (
			);
			productName = CalenTask;
			productReference = 2CB37C702FD8CDC7006722B0 /* CalenTask.app */;
			productType = "com.apple.product-type.application";
		};
		2CB37C802FD8CDC9006722B0 /* CalenTaskTests */ = {
			isa = PBXNativeTarget;
			buildConfigurationList = 2CB37C992FD8CDC9006722B0 /* Build configuration list for PBXNativeTarget "CalenTaskTests" */;
			buildPhases = (
				2CB37C7D2FD8CDC9006722B0 /* Sources */,
				2CB37C7E2FD8CDC9006722B0 /* Frameworks */,
				2CB37C7F2FD8CDC9006722B0 /* Resources */,
			);
			buildRules = (
			);
			dependencies = (
				2CB37C832FD8CDC9006722B0 /* PBXTargetDependency */,
			);
			fileSystemSynchronizedGroups = (
				2CB37C842FD8CDC9006722B0 /* CalenTaskTests */,
			);
			name = CalenTaskTests;
			packageProductDependencies = (
			);
			productName = CalenTaskTests;
			productReference = 2CB37C812FD8CDC9006722B0 /* CalenTaskTests.xctest */;
			productType = "com.apple.product-type.bundle.unit-test";
		};
		2CB37C8A2FD8CDC9006722B0 /* CalenTaskUITests */ = {
			isa = PBXNativeTarget;
			buildConfigurationList = 2CB37C9C2FD8CDC9006722B0 /* Build configuration list for PBXNativeTarget "CalenTaskUITests" */;
			buildPhases = (
				2CB37C872FD8CDC9006722B0 /* Sources */,
				2CB37C882FD8CDC9006722B0 /* Frameworks */,
				2CB37C892FD8CDC9006722B0 /* Resources */,
			);
			buildRules = (
			);
			dependencies = (
				2CB37C8D2FD8CDC9006722B0 /* PBXTargetDependency */,
			);
			fileSystemSynchronizedGroups = (
				2CB37C8E2FD8CDC9006722B0 /* CalenTaskUITests */,
			);
			name = CalenTaskUITests;
			packageProductDependencies = (
			);
			productName = CalenTaskUITests;
			productReference = 2CB37C8B2FD8CDC9006722B0 /* CalenTaskUITests.xctest */;
			productType = "com.apple.product-type.bundle.ui-testing";
		};
		2CE545112FD9944100FDB736 /* WidgetExtension */ = {
			isa = PBXNativeTarget;
			buildConfigurationList = 2CE5452A2FD9944200FDB736 /* Build configuration list for PBXNativeTarget "WidgetExtension" */;
			buildPhases = (
				2CE5450E2FD9944100FDB736 /* Sources */,
				2CE5450F2FD9944100FDB736 /* Frameworks */,
				2CE545102FD9944100FDB736 /* Resources */,
			);
			buildRules = (
			);
			dependencies = (
			);
			fileSystemSynchronizedGroups = (
				2CE545182FD9944100FDB736 /* Widget */,
			);
			name = WidgetExtension;
			packageProductDependencies = (
			);
			productName = WidgetExtension;
			productReference = 2CE545122FD9944100FDB736 /* WidgetExtension.appex */;
			productType = "com.apple.product-type.app-extension";
		};
/* End PBXNativeTarget section */

/* Begin PBXProject section */
		2CB37C682FD8CDC7006722B0 /* Project object */ = {
			isa = PBXProject;
			attributes = {
				BuildIndependentTargetsInParallel = 1;
				LastSwiftUpdateCheck = 2650;
				LastUpgradeCheck = 2650;
				TargetAttributes = {
					2CB37C6F2FD8CDC7006722B0 = {
						CreatedOnToolsVersion = 26.5;
					};
					2CB37C802FD8CDC9006722B0 = {
						CreatedOnToolsVersion = 26.5;
						TestTargetID = 2CB37C6F2FD8CDC7006722B0;
					};
					2CB37C8A2FD8CDC9006722B0 = {
						CreatedOnToolsVersion = 26.5;
						TestTargetID = 2CB37C6F2FD8CDC7006722B0;
					};
					2CE545112FD9944100FDB736 = {
						CreatedOnToolsVersion = 26.5;
					};
				};
			};
			buildConfigurationList = 2CB37C6B2FD8CDC7006722B0 /* Build configuration list for PBXProject "CalenTask" */;
			developmentRegion = en;
			hasScannedForEncodings = 0;
			knownRegions = (
				en,
				Base,
			);
			mainGroup = 2CB37C672FD8CDC7006722B0;
			minimizedProjectReferenceProxies = 1;
			preferredProjectObjectVersion = 77;
			productRefGroup = 2CB37C712FD8CDC7006722B0 /* Products */;
			projectDirPath = "";
			projectRoot = "";
			targets = (
				2CB37C6F2FD8CDC7006722B0 /* CalenTask */,
				2CB37C802FD8CDC9006722B0 /* CalenTaskTests */,
				2CB37C8A2FD8CDC9006722B0 /* CalenTaskUITests */,
				2CE545112FD9944100FDB736 /* WidgetExtension */,
			);
		};
/* End PBXProject section */

/* Begin PBXResourcesBuildPhase section */
		2CB37C6E2FD8CDC7006722B0 /* Resources */ = {
			isa = PBXResourcesBuildPhase;
			buildActionMask = 2147483647;
			files = (
			);
			runOnlyForDeploymentPostprocessing = 0;
		};
		2CB37C7F2FD8CDC9006722B0 /* Resources */ = {
			isa = PBXResourcesBuildPhase;
			buildActionMask = 2147483647;
			files = (
			);
			runOnlyForDeploymentPostprocessing = 0;
		};
		2CB37C892FD8CDC9006722B0 /* Resources */ = {
			isa = PBXResourcesBuildPhase;
			buildActionMask = 2147483647;
			files = (
			);
			runOnlyForDeploymentPostprocessing = 0;
		};
		2CE545102FD9944100FDB736 /* Resources */ = {
			isa = PBXResourcesBuildPhase;
			buildActionMask = 2147483647;
			files = (
			);
			runOnlyForDeploymentPostprocessing = 0;
		};
/* End PBXResourcesBuildPhase section */

/* Begin PBXSourcesBuildPhase section */
		2CB37C6C2FD8CDC7006722B0 /* Sources */ = {
			isa = PBXSourcesBuildPhase;
			buildActionMask = 2147483647;
			files = (
			);
			runOnlyForDeploymentPostprocessing = 0;
		};
		2CB37C7D2FD8CDC9006722B0 /* Sources */ = {
			isa = PBXSourcesBuildPhase;
			buildActionMask = 2147483647;
			files = (
			);
			runOnlyForDeploymentPostprocessing = 0;
		};
		2CB37C872FD8CDC9006722B0 /* Sources */ = {
			isa = PBXSourcesBuildPhase;
			buildActionMask = 2147483647;
			files = (
			);
			runOnlyForDeploymentPostprocessing = 0;
		};
		2CE5450E2FD9944100FDB736 /* Sources */ = {
			isa = PBXSourcesBuildPhase;
			buildActionMask = 2147483647;
			files = (
			);
			runOnlyForDeploymentPostprocessing = 0;
		};
/* End PBXSourcesBuildPhase section */

/* Begin PBXTargetDependency section */
		2CB37C832FD8CDC9006722B0 /* PBXTargetDependency */ = {
			isa = PBXTargetDependency;
			target = 2CB37C6F2FD8CDC7006722B0 /* CalenTask */;
			targetProxy = 2CB37C822FD8CDC9006722B0 /* PBXContainerItemProxy */;
		};
		2CB37C8D2FD8CDC9006722B0 /* PBXTargetDependency */ = {
			isa = PBXTargetDependency;
			target = 2CB37C6F2FD8CDC7006722B0 /* CalenTask */;
			targetProxy = 2CB37C8C2FD8CDC9006722B0 /* PBXContainerItemProxy */;
		};
		2CE545252FD9944200FDB736 /* PBXTargetDependency */ = {
			isa = PBXTargetDependency;
			target = 2CE545112FD9944100FDB736 /* WidgetExtension */;
			targetProxy = 2CE545242FD9944200FDB736 /* PBXContainerItemProxy */;
		};
/* End PBXTargetDependency section */

/* Begin XCBuildConfiguration section */
		2CB37C952FD8CDC9006722B0 /* Debug */ = {
			isa = XCBuildConfiguration;
			buildSettings = {
				ASSETCATALOG_COMPILER_APPICON_NAME = AppIcon;
				ASSETCATALOG_COMPILER_GLOBAL_ACCENT_COLOR_NAME = AccentColor;
				CODE_SIGN_STYLE = Automatic;
				CURRENT_PROJECT_VERSION = 1;
				DEVELOPMENT_TEAM = LDL29RCD8M;
				ENABLE_APP_SANDBOX = YES;
				ENABLE_HARDENED_RUNTIME = YES;
				ENABLE_PREVIEWS = YES;
				ENABLE_USER_SELECTED_FILES = readonly;
				GENERATE_INFOPLIST_FILE = YES;
				INFOPLIST_FILE = CalenTask/Info.plist;
				INFOPLIST_KEY_NSCalendarsFullAccessUsageDescription = "CalenTask legge e scrive i tuoi eventi per tenere il calendario sincronizzato.";
				INFOPLIST_KEY_NSContactsUsageDescription = "L'accesso ai Contatti serve per importare troupe, clienti e fornitori nella rubrica di produzione.";
				INFOPLIST_KEY_NSLocationUsageDescription = "La posizione serve solo a mostrare il meteo nel calendario.";
				INFOPLIST_KEY_NSLocationWhenInUseUsageDescription = "La posizione serve solo a mostrare il meteo nel calendario.";
				INFOPLIST_KEY_NSMicrophoneUsageDescription = "Il microfono serve per dettare le attività a voce.";
				INFOPLIST_KEY_NSSpeechRecognitionUsageDescription = "Il riconoscimento vocale trasforma la dettatura in attività, on-device quando possibile.";
				"INFOPLIST_KEY_UIApplicationSceneManifest_Generation[sdk=iphoneos*]" = YES;
				"INFOPLIST_KEY_UIApplicationSceneManifest_Generation[sdk=iphonesimulator*]" = YES;
				"INFOPLIST_KEY_UIApplicationSupportsIndirectInputEvents[sdk=iphoneos*]" = YES;
				"INFOPLIST_KEY_UIApplicationSupportsIndirectInputEvents[sdk=iphonesimulator*]" = YES;
				INFOPLIST_KEY_UIBackgroundModes = "remote-notification";
				"INFOPLIST_KEY_UILaunchScreen_Generation[sdk=iphoneos*]" = YES;
				"INFOPLIST_KEY_UILaunchScreen_Generation[sdk=iphonesimulator*]" = YES;
				"INFOPLIST_KEY_UIStatusBarStyle[sdk=iphoneos*]" = UIStatusBarStyleDefault;
				"INFOPLIST_KEY_UIStatusBarStyle[sdk=iphonesimulator*]" = UIStatusBarStyleDefault;
				INFOPLIST_KEY_UISupportedInterfaceOrientations_iPad = "UIInterfaceOrientationPortrait UIInterfaceOrientationPortraitUpsideDown UIInterfaceOrientationLandscapeLeft UIInterfaceOrientationLandscapeRight";
				INFOPLIST_KEY_UISupportedInterfaceOrientations_iPhone = "UIInterfaceOrientationPortrait UIInterfaceOrientationLandscapeLeft UIInterfaceOrientationLandscapeRight";
				IPHONEOS_DEPLOYMENT_TARGET = 26.0;
				LD_RUNPATH_SEARCH_PATHS = "@executable_path/Frameworks";
				"LD_RUNPATH_SEARCH_PATHS[sdk=macosx*]" = "@executable_path/../Frameworks";
				MACOSX_DEPLOYMENT_TARGET = 26.0;
				MARKETING_VERSION = 1.0;
				PRODUCT_BUNDLE_IDENTIFIER = it.mecena.CalenTask;
				PRODUCT_NAME = "$(TARGET_NAME)";
				REGISTER_APP_GROUPS = YES;
				SDKROOT = auto;
				STRING_CATALOG_GENERATE_SYMBOLS = YES;
				SUPPORTED_PLATFORMS = "iphoneos iphonesimulator macosx xros xrsimulator";
				SWIFT_APPROACHABLE_CONCURRENCY = YES;
				SWIFT_DEFAULT_ACTOR_ISOLATION = MainActor;
				SWIFT_EMIT_LOC_STRINGS = YES;
				SWIFT_UPCOMING_FEATURE_MEMBER_IMPORT_VISIBILITY = YES;
				SWIFT_VERSION = 5.0;
				TARGETED_DEVICE_FAMILY = "1,2,7";
				XROS_DEPLOYMENT_TARGET = 26.0;
			};
			name = Debug;
		};
		2CB37C962FD8CDC9006722B0 /* Release */ = {
			isa = XCBuildConfiguration;
			buildSettings = {
				ASSETCATALOG_COMPILER_APPICON_NAME = AppIcon;
				ASSETCATALOG_COMPILER_GLOBAL_ACCENT_COLOR_NAME = AccentColor;
				CODE_SIGN_STYLE = Automatic;
				CURRENT_PROJECT_VERSION = 1;
				DEVELOPMENT_TEAM = LDL29RCD8M;
				ENABLE_APP_SANDBOX = YES;
				ENABLE_HARDENED_RUNTIME = YES;
				ENABLE_PREVIEWS = YES;
				ENABLE_USER_SELECTED_FILES = readonly;
				GENERATE_INFOPLIST_FILE = YES;
				INFOPLIST_FILE = CalenTask/Info.plist;
				INFOPLIST_KEY_NSCalendarsFullAccessUsageDescription = "CalenTask legge e scrive i tuoi eventi per tenere il calendario sincronizzato.";
				INFOPLIST_KEY_NSContactsUsageDescription = "L'accesso ai Contatti serve per importare troupe, clienti e fornitori nella rubrica di produzione.";
				INFOPLIST_KEY_NSLocationUsageDescription = "La posizione serve solo a mostrare il meteo nel calendario.";
				INFOPLIST_KEY_NSLocationWhenInUseUsageDescription = "La posizione serve solo a mostrare il meteo nel calendario.";
				INFOPLIST_KEY_NSMicrophoneUsageDescription = "Il microfono serve per dettare le attività a voce.";
				INFOPLIST_KEY_NSSpeechRecognitionUsageDescription = "Il riconoscimento vocale trasforma la dettatura in attività, on-device quando possibile.";
				"INFOPLIST_KEY_UIApplicationSceneManifest_Generation[sdk=iphoneos*]" = YES;
				"INFOPLIST_KEY_UIApplicationSceneManifest_Generation[sdk=iphonesimulator*]" = YES;
				"INFOPLIST_KEY_UIApplicationSupportsIndirectInputEvents[sdk=iphoneos*]" = YES;
				"INFOPLIST_KEY_UIApplicationSupportsIndirectInputEvents[sdk=iphonesimulator*]" = YES;
				INFOPLIST_KEY_UIBackgroundModes = "remote-notification";
				"INFOPLIST_KEY_UILaunchScreen_Generation[sdk=iphoneos*]" = YES;
				"INFOPLIST_KEY_UILaunchScreen_Generation[sdk=iphonesimulator*]" = YES;
				"INFOPLIST_KEY_UIStatusBarStyle[sdk=iphoneos*]" = UIStatusBarStyleDefault;
				"INFOPLIST_KEY_UIStatusBarStyle[sdk=iphonesimulator*]" = UIStatusBarStyleDefault;
				INFOPLIST_KEY_UISupportedInterfaceOrientations_iPad = "UIInterfaceOrientationPortrait UIInterfaceOrientationPortraitUpsideDown UIInterfaceOrientationLandscapeLeft UIInterfaceOrientationLandscapeRight";
				INFOPLIST_KEY_UISupportedInterfaceOrientations_iPhone = "UIInterfaceOrientationPortrait UIInterfaceOrientationLandscapeLeft UIInterfaceOrientationLandscapeRight";
				IPHONEOS_DEPLOYMENT_TARGET = 26.0;
				LD_RUNPATH_SEARCH_PATHS = "@executable_path/Frameworks";
				"LD_RUNPATH_SEARCH_PATHS[sdk=macosx*]" = "@executable_path/../Frameworks";
				MACOSX_DEPLOYMENT_TARGET = 26.0;
				MARKETING_VERSION = 1.0;
				PRODUCT_BUNDLE_IDENTIFIER = it.mecena.CalenTask;
				PRODUCT_NAME = "$(TARGET_NAME)";
				REGISTER_APP_GROUPS = YES;
				SDKROOT = auto;
				STRING_CATALOG_GENERATE_SYMBOLS = YES;
				SUPPORTED_PLATFORMS = "iphoneos iphonesimulator macosx xros xrsimulator";
				SWIFT_APPROACHABLE_CONCURRENCY = YES;
				SWIFT_DEFAULT_ACTOR_ISOLATION = MainActor;
				SWIFT_EMIT_LOC_STRINGS = YES;
				SWIFT_UPCOMING_FEATURE_MEMBER_IMPORT_VISIBILITY = YES;
				SWIFT_VERSION = 5.0;
				TARGETED_DEVICE_FAMILY = "1,2,7";
				XROS_DEPLOYMENT_TARGET = 26.0;
			};
			name = Release;
		};
		2CB37C972FD8CDC9006722B0 /* Debug */ = {
			isa = XCBuildConfiguration;
			buildSettings = {
				ALWAYS_SEARCH_USER_PATHS = NO;
				ASSETCATALOG_COMPILER_GENERATE_SWIFT_ASSET_SYMBOL_EXTENSIONS = YES;
				CLANG_ANALYZER_NONNULL = YES;
				CLANG_ANALYZER_NUMBER_OBJECT_CONVERSION = YES_AGGRESSIVE;
				CLANG_CXX_LANGUAGE_STANDARD = "gnu++20";
				CLANG_ENABLE_MODULES = YES;
				CLANG_ENABLE_OBJC_ARC = YES;
				CLANG_ENABLE_OBJC_WEAK = YES;
				CLANG_WARN_BLOCK_CAPTURE_AUTORELEASING = YES;
				CLANG_WARN_BOOL_CONVERSION = YES;
				CLANG_WARN_COMMA = YES;
				CLANG_WARN_CONSTANT_CONVERSION = YES;
				CLANG_WARN_DEPRECATED_OBJC_IMPLEMENTATIONS = YES;
				CLANG_WARN_DIRECT_OBJC_ISA_USAGE = YES_ERROR;
				CLANG_WARN_DOCUMENTATION_COMMENTS = YES;
				CLANG_WARN_EMPTY_BODY = YES;
				CLANG_WARN_ENUM_CONVERSION = YES;
				CLANG_WARN_INFINITE_RECURSION = YES;
				CLANG_WARN_INT_CONVERSION = YES;
				CLANG_WARN_NON_LITERAL_NULL_CONVERSION = YES;
				CLANG_WARN_OBJC_IMPLICIT_RETAIN_SELF = YES;
				CLANG_WARN_OBJC_LITERAL_CONVERSION = YES;
				CLANG_WARN_OBJC_ROOT_CLASS = YES_ERROR;
				CLANG_WARN_QUOTED_INCLUDE_IN_FRAMEWORK_HEADER = YES;
				CLANG_WARN_RANGE_LOOP_ANALYSIS = YES;
				CLANG_WARN_STRICT_PROTOTYPES = YES;
				CLANG_WARN_SUSPICIOUS_MOVE = YES;
				CLANG_WARN_UNGUARDED_AVAILABILITY = YES_AGGRESSIVE;
				CLANG_WARN_UNREACHABLE_CODE = YES;
				CLANG_WARN__DUPLICATE_METHOD_MATCH = YES;
				COPY_PHASE_STRIP = NO;
				DEBUG_INFORMATION_FORMAT = dwarf;
				DEVELOPMENT_TEAM = LDL29RCD8M;
				ENABLE_STRICT_OBJC_MSGSEND = YES;
				ENABLE_TESTABILITY = YES;
				ENABLE_USER_SCRIPT_SANDBOXING = YES;
				GCC_C_LANGUAGE_STANDARD = gnu17;
				GCC_DYNAMIC_NO_PIC = NO;
				GCC_NO_COMMON_BLOCKS = YES;
				GCC_OPTIMIZATION_LEVEL = 0;
				GCC_PREPROCESSOR_DEFINITIONS = (
					"DEBUG=1",
					"$(inherited)",
				);
				GCC_WARN_64_TO_32_BIT_CONVERSION = YES;
				GCC_WARN_ABOUT_RETURN_TYPE = YES_ERROR;
				GCC_WARN_UNDECLARED_SELECTOR = YES;
				GCC_WARN_UNINITIALIZED_AUTOS = YES_AGGRESSIVE;
				GCC_WARN_UNUSED_FUNCTION = YES;
				GCC_WARN_UNUSED_VARIABLE = YES;
				LOCALIZATION_PREFERS_STRING_CATALOGS = YES;
				MTL_ENABLE_DEBUG_INFO = INCLUDE_SOURCE;
				MTL_FAST_MATH = YES;
				ONLY_ACTIVE_ARCH = YES;
				SWIFT_ACTIVE_COMPILATION_CONDITIONS = "DEBUG $(inherited)";
				SWIFT_OPTIMIZATION_LEVEL = "-Onone";
			};
			name = Debug;
		};
		2CB37C982FD8CDC9006722B0 /* Release */ = {
			isa = XCBuildConfiguration;
			buildSettings = {
				ALWAYS_SEARCH_USER_PATHS = NO;
				ASSETCATALOG_COMPILER_GENERATE_SWIFT_ASSET_SYMBOL_EXTENSIONS = YES;
				CLANG_ANALYZER_NONNULL = YES;
				CLANG_ANALYZER_NUMBER_OBJECT_CONVERSION = YES_AGGRESSIVE;
				CLANG_CXX_LANGUAGE_STANDARD = "gnu++20";
				CLANG_ENABLE_MODULES = YES;
				CLANG_ENABLE_OBJC_ARC = YES;
				CLANG_ENABLE_OBJC_WEAK = YES;
				CLANG_WARN_BLOCK_CAPTURE_AUTORELEASING = YES;
				CLANG_WARN_BOOL_CONVERSION = YES;
				CLANG_WARN_COMMA = YES;
				CLANG_WARN_CONSTANT_CONVERSION = YES;
				CLANG_WARN_DEPRECATED_OBJC_IMPLEMENTATIONS = YES;
				CLANG_WARN_DIRECT_OBJC_ISA_USAGE = YES_ERROR;
				CLANG_WARN_DOCUMENTATION_COMMENTS = YES;
				CLANG_WARN_EMPTY_BODY = YES;
				CLANG_WARN_ENUM_CONVERSION = YES;
				CLANG_WARN_INFINITE_RECURSION = YES;
				CLANG_WARN_INT_CONVERSION = YES;
				CLANG_WARN_NON_LITERAL_NULL_CONVERSION = YES;
				CLANG_WARN_OBJC_IMPLICIT_RETAIN_SELF = YES;
				CLANG_WARN_OBJC_LITERAL_CONVERSION = YES;
				CLANG_WARN_OBJC_ROOT_CLASS = YES_ERROR;
				CLANG_WARN_QUOTED_INCLUDE_IN_FRAMEWORK_HEADER = YES;
				CLANG_WARN_RANGE_LOOP_ANALYSIS = YES;
				CLANG_WARN_STRICT_PROTOTYPES = YES;
				CLANG_WARN_SUSPICIOUS_MOVE = YES;
				CLANG_WARN_UNGUARDED_AVAILABILITY = YES_AGGRESSIVE;
				CLANG_WARN_UNREACHABLE_CODE = YES;
				CLANG_WARN__DUPLICATE_METHOD_MATCH = YES;
				COPY_PHASE_STRIP = NO;
				DEBUG_INFORMATION_FORMAT = "dwarf-with-dsym";
				DEVELOPMENT_TEAM = LDL29RCD8M;
				ENABLE_NS_ASSERTIONS = NO;
				ENABLE_STRICT_OBJC_MSGSEND = YES;
				ENABLE_USER_SCRIPT_SANDBOXING = YES;
				GCC_C_LANGUAGE_STANDARD = gnu17;
				GCC_NO_COMMON_BLOCKS = YES;
				GCC_WARN_64_TO_32_BIT_CONVERSION = YES;
				GCC_WARN_ABOUT_RETURN_TYPE = YES_ERROR;
				GCC_WARN_UNDECLARED_SELECTOR = YES;
				GCC_WARN_UNINITIALIZED_AUTOS = YES_AGGRESSIVE;
				GCC_WARN_UNUSED_FUNCTION = YES;
				GCC_WARN_UNUSED_VARIABLE = YES;
				LOCALIZATION_PREFERS_STRING_CATALOGS = YES;
				MTL_ENABLE_DEBUG_INFO = NO;
				MTL_FAST_MATH = YES;
				SWIFT_COMPILATION_MODE = wholemodule;
			};
			name = Release;
		};
		2CB37C9A2FD8CDC9006722B0 /* Debug */ = {
			isa = XCBuildConfiguration;
			buildSettings = {
				BUNDLE_LOADER = "$(TEST_HOST)";
				CODE_SIGN_STYLE = Automatic;
				CURRENT_PROJECT_VERSION = 1;
				DEVELOPMENT_TEAM = LDL29RCD8M;
				GENERATE_INFOPLIST_FILE = YES;
				IPHONEOS_DEPLOYMENT_TARGET = 26.0;
				MACOSX_DEPLOYMENT_TARGET = 26.0;
				MARKETING_VERSION = 1.0;
				PRODUCT_BUNDLE_IDENTIFIER = it.mecena.CalenTaskTests;
				PRODUCT_NAME = "$(TARGET_NAME)";
				SDKROOT = auto;
				STRING_CATALOG_GENERATE_SYMBOLS = NO;
				SUPPORTED_PLATFORMS = "iphoneos iphonesimulator macosx xros xrsimulator";
				SWIFT_APPROACHABLE_CONCURRENCY = YES;
				SWIFT_EMIT_LOC_STRINGS = NO;
				SWIFT_UPCOMING_FEATURE_MEMBER_IMPORT_VISIBILITY = YES;
				SWIFT_VERSION = 5.0;
				TARGETED_DEVICE_FAMILY = "1,2,7";
				TEST_HOST = "$(BUILT_PRODUCTS_DIR)/CalenTask.app/$(BUNDLE_EXECUTABLE_FOLDER_PATH)/CalenTask";
				XROS_DEPLOYMENT_TARGET = 26.0;
			};
			name = Debug;
		};
		2CB37C9B2FD8CDC9006722B0 /* Release */ = {
			isa = XCBuildConfiguration;
			buildSettings = {
				BUNDLE_LOADER = "$(TEST_HOST)";
				CODE_SIGN_STYLE = Automatic;
				CURRENT_PROJECT_VERSION = 1;
				DEVELOPMENT_TEAM = LDL29RCD8M;
				GENERATE_INFOPLIST_FILE = YES;
				IPHONEOS_DEPLOYMENT_TARGET = 26.0;
				MACOSX_DEPLOYMENT_TARGET = 26.0;
				MARKETING_VERSION = 1.0;
				PRODUCT_BUNDLE_IDENTIFIER = it.mecena.CalenTaskTests;
				PRODUCT_NAME = "$(TARGET_NAME)";
				SDKROOT = auto;
				STRING_CATALOG_GENERATE_SYMBOLS = NO;
				SUPPORTED_PLATFORMS = "iphoneos iphonesimulator macosx xros xrsimulator";
				SWIFT_APPROACHABLE_CONCURRENCY = YES;
				SWIFT_EMIT_LOC_STRINGS = NO;
				SWIFT_UPCOMING_FEATURE_MEMBER_IMPORT_VISIBILITY = YES;
				SWIFT_VERSION = 5.0;
				TARGETED_DEVICE_FAMILY = "1,2,7";
				TEST_HOST = "$(BUILT_PRODUCTS_DIR)/CalenTask.app/$(BUNDLE_EXECUTABLE_FOLDER_PATH)/CalenTask";
				XROS_DEPLOYMENT_TARGET = 26.0;
			};
			name = Release;
		};
		2CB37C9D2FD8CDC9006722B0 /* Debug */ = {
			isa = XCBuildConfiguration;
			buildSettings = {
				CODE_SIGN_STYLE = Automatic;
				CURRENT_PROJECT_VERSION = 1;
				DEVELOPMENT_TEAM = LDL29RCD8M;
				GENERATE_INFOPLIST_FILE = YES;
				IPHONEOS_DEPLOYMENT_TARGET = 26.0;
				MACOSX_DEPLOYMENT_TARGET = 26.0;
				MARKETING_VERSION = 1.0;
				PRODUCT_BUNDLE_IDENTIFIER = it.mecena.CalenTaskUITests;
				PRODUCT_NAME = "$(TARGET_NAME)";
				SDKROOT = auto;
				STRING_CATALOG_GENERATE_SYMBOLS = NO;
				SUPPORTED_PLATFORMS = "iphoneos iphonesimulator macosx xros xrsimulator";
				SWIFT_APPROACHABLE_CONCURRENCY = YES;
				SWIFT_EMIT_LOC_STRINGS = NO;
				SWIFT_UPCOMING_FEATURE_MEMBER_IMPORT_VISIBILITY = YES;
				SWIFT_VERSION = 5.0;
				TARGETED_DEVICE_FAMILY = "1,2,7";
				TEST_TARGET_NAME = CalenTask;
				XROS_DEPLOYMENT_TARGET = 26.0;
			};
			name = Debug;
		};
		2CB37C9E2FD8CDC9006722B0 /* Release */ = {
			isa = XCBuildConfiguration;
			buildSettings = {
				CODE_SIGN_STYLE = Automatic;
				CURRENT_PROJECT_VERSION = 1;
				DEVELOPMENT_TEAM = LDL29RCD8M;
				GENERATE_INFOPLIST_FILE = YES;
				IPHONEOS_DEPLOYMENT_TARGET = 26.0;
				MACOSX_DEPLOYMENT_TARGET = 26.0;
				MARKETING_VERSION = 1.0;
				PRODUCT_BUNDLE_IDENTIFIER = it.mecena.CalenTaskUITests;
				PRODUCT_NAME = "$(TARGET_NAME)";
				SDKROOT = auto;
				STRING_CATALOG_GENERATE_SYMBOLS = NO;
				SUPPORTED_PLATFORMS = "iphoneos iphonesimulator macosx xros xrsimulator";
				SWIFT_APPROACHABLE_CONCURRENCY = YES;
				SWIFT_EMIT_LOC_STRINGS = NO;
				SWIFT_UPCOMING_FEATURE_MEMBER_IMPORT_VISIBILITY = YES;
				SWIFT_VERSION = 5.0;
				TARGETED_DEVICE_FAMILY = "1,2,7";
				TEST_TARGET_NAME = CalenTask;
				XROS_DEPLOYMENT_TARGET = 26.0;
			};
			name = Release;
		};
		2CE545282FD9944200FDB736 /* Debug */ = {
			isa = XCBuildConfiguration;
			buildSettings = {
				ASSETCATALOG_COMPILER_GLOBAL_ACCENT_COLOR_NAME = AccentColor;
				ASSETCATALOG_COMPILER_WIDGET_BACKGROUND_COLOR_NAME = WidgetBackground;
				CODE_SIGN_ENTITLEMENTS = Widget/Widget.entitlements;
				CODE_SIGN_STYLE = Automatic;
				CURRENT_PROJECT_VERSION = 1;
				DEVELOPMENT_TEAM = LDL29RCD8M;
				ENABLE_APP_SANDBOX = YES;
				ENABLE_HARDENED_RUNTIME = YES;
				GENERATE_INFOPLIST_FILE = YES;
				INFOPLIST_FILE = Widget/Info.plist;
				INFOPLIST_KEY_CFBundleDisplayName = Widget;
				INFOPLIST_KEY_NSHumanReadableCopyright = "";
				IPHONEOS_DEPLOYMENT_TARGET = 26.0;
				LD_RUNPATH_SEARCH_PATHS = (
					"$(inherited)",
					"@executable_path/../Frameworks",
					"@executable_path/../../../../Frameworks",
				);
				MACOSX_DEPLOYMENT_TARGET = 26.0;
				MARKETING_VERSION = 1.0;
				PRODUCT_BUNDLE_IDENTIFIER = it.mecena.CalenTask.Widget;
				PRODUCT_NAME = "$(TARGET_NAME)";
				SDKROOT = auto;
				SKIP_INSTALL = YES;
				STRING_CATALOG_GENERATE_SYMBOLS = YES;
				SUPPORTED_PLATFORMS = "iphoneos iphonesimulator macosx";
				SWIFT_APPROACHABLE_CONCURRENCY = YES;
				SWIFT_EMIT_LOC_STRINGS = YES;
				SWIFT_UPCOMING_FEATURE_MEMBER_IMPORT_VISIBILITY = YES;
				SWIFT_VERSION = 5.0;
				TARGETED_DEVICE_FAMILY = "1,2";
			};
			name = Debug;
		};
		2CE545292FD9944200FDB736 /* Release */ = {
			isa = XCBuildConfiguration;
			buildSettings = {
				ASSETCATALOG_COMPILER_GLOBAL_ACCENT_COLOR_NAME = AccentColor;
				ASSETCATALOG_COMPILER_WIDGET_BACKGROUND_COLOR_NAME = WidgetBackground;
				CODE_SIGN_ENTITLEMENTS = Widget/Widget.entitlements;
				CODE_SIGN_STYLE = Automatic;
				CURRENT_PROJECT_VERSION = 1;
				DEVELOPMENT_TEAM = LDL29RCD8M;
				ENABLE_APP_SANDBOX = YES;
				ENABLE_HARDENED_RUNTIME = YES;
				GENERATE_INFOPLIST_FILE = YES;
				INFOPLIST_FILE = Widget/Info.plist;
				INFOPLIST_KEY_CFBundleDisplayName = Widget;
				INFOPLIST_KEY_NSHumanReadableCopyright = "";
				IPHONEOS_DEPLOYMENT_TARGET = 26.0;
				LD_RUNPATH_SEARCH_PATHS = (
					"$(inherited)",
					"@executable_path/../Frameworks",
					"@executable_path/../../../../Frameworks",
				);
				MACOSX_DEPLOYMENT_TARGET = 26.0;
				MARKETING_VERSION = 1.0;
				PRODUCT_BUNDLE_IDENTIFIER = it.mecena.CalenTask.Widget;
				PRODUCT_NAME = "$(TARGET_NAME)";
				SDKROOT = auto;
				SKIP_INSTALL = YES;
				STRING_CATALOG_GENERATE_SYMBOLS = YES;
				SUPPORTED_PLATFORMS = "iphoneos iphonesimulator macosx";
				SWIFT_APPROACHABLE_CONCURRENCY = YES;
				SWIFT_EMIT_LOC_STRINGS = YES;
				SWIFT_UPCOMING_FEATURE_MEMBER_IMPORT_VISIBILITY = YES;
				SWIFT_VERSION = 5.0;
				TARGETED_DEVICE_FAMILY = "1,2";
			};
			name = Release;
		};
/* End XCBuildConfiguration section */

/* Begin XCConfigurationList section */
		2CB37C6B2FD8CDC7006722B0 /* Build configuration list for PBXProject "CalenTask" */ = {
			isa = XCConfigurationList;
			buildConfigurations = (
				2CB37C972FD8CDC9006722B0 /* Debug */,
				2CB37C982FD8CDC9006722B0 /* Release */,
			);
			defaultConfigurationIsVisible = 0;
			defaultConfigurationName = Release;
		};
		2CB37C942FD8CDC9006722B0 /* Build configuration list for PBXNativeTarget "CalenTask" */ = {
			isa = XCConfigurationList;
			buildConfigurations = (
				2CB37C952FD8CDC9006722B0 /* Debug */,
				2CB37C962FD8CDC9006722B0 /* Release */,
			);
			defaultConfigurationIsVisible = 0;
			defaultConfigurationName = Release;
		};
		2CB37C992FD8CDC9006722B0 /* Build configuration list for PBXNativeTarget "CalenTaskTests" */ = {
			isa = XCConfigurationList;
			buildConfigurations = (
				2CB37C9A2FD8CDC9006722B0 /* Debug */,
				2CB37C9B2FD8CDC9006722B0 /* Release */,
			);
			defaultConfigurationIsVisible = 0;
			defaultConfigurationName = Release;
		};
		2CB37C9C2FD8CDC9006722B0 /* Build configuration list for PBXNativeTarget "CalenTaskUITests" */ = {
			isa = XCConfigurationList;
			buildConfigurations = (
				2CB37C9D2FD8CDC9006722B0 /* Debug */,
				2CB37C9E2FD8CDC9006722B0 /* Release */,
			);
			defaultConfigurationIsVisible = 0;
			defaultConfigurationName = Release;
		};
		2CE5452A2FD9944200FDB736 /* Build configuration list for PBXNativeTarget "WidgetExtension" */ = {
			isa = XCConfigurationList;
			buildConfigurations = (
				2CE545282FD9944200FDB736 /* Debug */,
				2CE545292FD9944200FDB736 /* Release */,
			);
			defaultConfigurationIsVisible = 0;
			defaultConfigurationName = Release;
		};
/* End XCConfigurationList section */
	};
	rootObject = 2CB37C682FD8CDC7006722B0 /* Project object */;
}
